
Microsoft Visual Studio Solution File, Format Version 12.00
# Visual Studio Version 17
VisualStudioVersion = 17.14.36109.1 d17.14
MinimumVisualStudioVersion = 10.0.40219.1
Project("{FAE04EC0-301F-11D3-BF4B-00C04F79EFBC}") = "SupportTicket", "SupportTicket\SupportTicket.csproj", "{FE9C177E-3BE2-4476-9F61-7761C7A2B497}"
EndProject
Global
	GlobalSection(SolutionConfigurationPlatforms) = preSolution
		Debug|Any CPU = Debug|Any CPU
		Release|Any CPU = Release|Any CPU
	EndGlobalSection
	GlobalSection(ProjectConfigurationPlatforms) = postSolution
		{FE9C177E-3BE2-4476-9F61-7761C7A2B497}.Debug|Any CPU.ActiveCfg = Debug|Any CPU
		{FE9C177E-3BE2-4476-9F61-7761C7A2B497}.Debug|Any CPU.Build.0 = Debug|Any CPU
		{FE9C177E-3BE2-4476-9F61-7761C7A2B497}.Release|Any CPU.ActiveCfg = Release|Any CPU
		{FE9C177E-3BE2-4476-9F61-7761C7A2B497}.Release|Any CPU.Build.0 = Release|Any CPU
	EndGlobalSection
	GlobalSection(SolutionProperties) = preSolution
		HideSolutionNode = FALSE
	EndGlobalSection
	GlobalSection(ExtensibilityGlobals) = postSolution
		SolutionGuid = {663FA392-57F1-470C-84AB-C42BF075F9FC}
	EndGlobalSection
EndGlobal
